// !$*UTF8*$!
{
	archiveVersion = 1;
	classes = {
	};
	objectVersion = 50;
	objects = {

/* Begin PBXBuildFile section */
		FB784C4822382A67006A2D5A /* AppDelegate.swift in Sources */ = {isa = PBXBuildFile; fileRef = FB784C4722382A67006A2D5A /* AppDelegate.swift */; };
		FB784C4A22382A67006A2D5A /* ViewController.swift in Sources */ = {isa = PBXBuildFile; fileRef = FB784C4922382A67006A2D5A /* ViewController.swift */; };
		FB784C4D22382A67006A2D5A /* Main.storyboard in Resources */ = {isa = PBXBuildFile; fileRef = FB784C4B22382A67006A2D5A /* Main.storyboard */; };
		FB784C4F22382A6B006A2D5A /* Assets.xcassets in Resources */ = {isa = PBXBuildFile; fileRef = FB784C4E22382A6B006A2D5A /* Assets.xcassets */; };
		FB784C5222382A6B006A2D5A /* LaunchScreen.storyboard in Resources */ = {isa = PBXBuildFile; fileRef = FB784C5022382A6B006A2D5A /* LaunchScreen.storyboard */; };
		FB784C5A22382AC4006A2D5A /* ButtonPer.swift in Sources */ = {isa = PBXBuildFile; fileRef = FB784C5922382AC4006A2D5A /* ButtonPer.swift */; };
/* End PBXBuildFile section */

/* Begin PBXFileReference section */
		FB784C4422382A67006A2D5A /* practica6.app */ = {isa = PBXFileReference; explicitFileType = wrapper.application; includeInIndex = 0; path = practica6.app; sourceTree = BUILT_PRODUCTS_DIR; };
		FB784C4722382A67006A2D5A /* AppDelegate.swift */ = {isa = PBXFileReference; lastKnownFileType = sourcecode.swift; path = AppDelegate.swift; sourceTree = "<group>"; };
		FB784C4922382A67006A2D5A /* ViewController.swift */ = {isa = PBXFileReference; lastKnownFileType = sourcecode.swift; path = ViewController.swift; sourceTree = "<group>"; };
		FB784C4C22382A67006A2D5A /* Base */ = {isa = PBXFileReference; lastKnownFileType = file.storyboard; name = Base; path = Base.lproj/Main.storyboard; sourceTree = "<group>"; };
		FB784C4E22382A6B006A2D5A /* Assets.xcassets */ = {isa = PBXFileReference; lastKnownFileType = folder.assetcatalog; path = Assets.xcassets; sourceTree = "<group>"; };
		FB784C5122382A6B006A2D5A /* Base */ = {isa = PBXFileReference; lastKnownFileType = file.storyboard; name = Base; path = Base.lproj/LaunchScreen.storyboard; sourceTree = "<group>"; };
		FB784C5322382A6B006A2D5A /* Info.plist */ = {isa = PBXFileReference; lastKnownFileType = text.plist.xml; path = Info.plist; sourceTree = "<group>"; };
		FB784C5922382AC4006A2D5A /* ButtonPer.swift */ = {isa = PBXFileReference; lastKnownFileType = sourcecode.swift; path = ButtonPer.swift; sourceTree = "<group>"; };
/* End PBXFileReference section */

/* Begin PBXFrameworksBuildPhase section */
		FB784C4122382A67006A2D5A /* Frameworks */ = {
			isa = PBXFrameworksBuildPhase;
			buildActionMask = 2147483647;
			files = (
			);
			runOnlyForDeploymentPostprocessing = 0;
		};
/* End PBXFrameworksBuildPhase section */

/* Begin PBXGroup section */
		FB784C3B22382A67006A2D5A = {
			isa = PBXGroup;
			children = (
				FB784C4622382A67006A2D5A /* practica6 */,
				FB784C4522382A67006A2D5A /* Products */,
			);
			sourceTree = "<group>";
		};
		FB784C4522382A67006A2D5A /* Products */ = {
			isa = PBXGroup;
			children = (
				FB784C4422382A67006A2D5A /* practica6.app */,
			);
			name = Products;
			sourceTree = "<group>";
		};
		FB784C4622382A67006A2D5A /* practica6 */ = {
			isa = PBXGroup;
			children = (
				FB784C4722382A67006A2D5A /* AppDelegate.swift */,
				FB784C4922382A67006A2D5A /* ViewController.swift */,
				FB784C4B22382A67006A2D5A /* Main.storyboard */,
				FB784C4E22382A6B006A2D5A /* Assets.xcassets */,
				FB784C5022382A6B006A2D5A /* LaunchScreen.storyboard */,
				FB784C5322382A6B006A2D5A /* Info.plist */,
				FB784C5922382AC4006A2D5A /* ButtonPer.swift */,
			);
			path = practica6;
			sourceTree = "<group>";
		};
/* End PBXGroup section */

/* Begin PBXNativeTarget section */
		FB784C4322382A67006A2D5A /* practica6 */ = {
			isa = PBXNativeTarget;
			buildConfigurationList = FB784C5622382A6B006A2D5A /* Build configuration list for PBXNativeTarget "practica6" */;
			buildPhases = (
				FB784C4022382A67006A2D5A /* Sources */,
				FB784C4122382A67006A2D5A /* Frameworks */,
				FB784C4222382A67006A2D5A /* Resources */,
			);
			buildRules = (
			);
			dependencies = (
			);
			name = practica6;
			productName = practica6;
			productReference = FB784C4422382A67006A2D5A /* practica6.app */;
			productType = "com.apple.product-type.application";
		};
/* End PBXNativeTarget section */

/* Begin PBXProject section */
		FB784C3C22382A67006A2D5A /* Project object */ = {
			isa = PBXProject;
			attributes = {
				LastSwiftUpdateCheck = 1010;
				LastUpgradeCheck = 1010;
				ORGANIZATIONNAME = chauteco;
				TargetAttributes = {
					FB784C4322382A67006A2D5A = {
						CreatedOnToolsVersion = 10.1;
					};
				};
			};
			buildConfigurationList = FB784C3F22382A67006A2D5A /* Build configuration list for PBXProject "practica6" */;
			compatibilityVersion = "Xcode 9.3";
			developmentRegion = en;
			hasScannedForEncodings = 0;
			knownRegions = (
				en,
				Base,
			);
			mainGroup = FB784C3B22382A67006A2D5A;
			productRefGroup = FB784C4522382A67006A2D5A /* Products */;
			projectDirPath = "";
			projectRoot = "";
			targets = (
				FB784C4322382A67006A2D5A /* practica6 */,
			);
		};
/* End PBXProject section */

/* Begin PBXResourcesBuildPhase section */
		FB784C4222382A67006A2D5A /* Resources */ = {
			isa = PBXResourcesBuildPhase;
			buildActionMask = 2147483647;
			files = (
				FB784C5222382A6B006A2D5A /* LaunchScreen.storyboard in Resources */,
				FB784C4F22382A6B006A2D5A /* Assets.xcassets in Resources */,
				FB784C4D22382A67006A2D5A /* Main.storyboard in Resources */,
			);
			runOnlyForDeploymentPostprocessing = 0;
		};
/* End PBXResourcesBuildPhase section */

/* Begin PBXSourcesBuildPhase section */
		FB784C4022382A67006A2D5A /* Sources */ = {
			isa = PBXSourcesBuildPhase;
			buildActionMask = 2147483647;
			files = (
				FB784C4A22382A67006A2D5A /* ViewController.swift in Sources */,
				FB784C4822382A67006A2D5A /* AppDelegate.swift in Sources */,
				FB784C5A22382AC4006A2D5A /* ButtonPer.swift in Sources */,
			);
			runOnlyForDeploymentPostprocessing = 0;
		};
/* End PBXSourcesBuildPhase section */

/* Begin PBXVariantGroup section */
		FB784C4B22382A67006A2D5A /* Main.storyboard */ = {
			isa = PBXVariantGroup;
			children = (
				FB784C4C22382A67006A2D5A /* Base */,
			);
			name = Main.storyboard;
			sourceTree = "<group>";
		};
		FB784C5022382A6B006A2D5A /* LaunchScreen.storyboard */ = {
			isa = PBXVariantGroup;
			children = (
				FB784C5122382A6B006A2D5A /* Base */,
			);
			name = LaunchScreen.storyboard;
			sourceTree = "<group>";
		};
/* End PBXVariantGroup section */

/* Begin XCBuildConfiguration section */
		FB784C5422382A6B006A2D5A /* Debug */ = {
			isa = XCBuildConfiguration;
			buildSettings = {
				ALWAYS_SEARCH_USER_PATHS = NO;
				CLANG_ANALYZER_NONNULL = YES;
				CLANG_ANALYZER_NUMBER_OBJECT_CONVERSION = YES_AGGRESSIVE;
				CLANG_CXX_LANGUAGE_STANDARD = "gnu++14";
				CLANG_CXX_LIBRARY = "libc++";
				CLANG_ENABLE_MODULES = YES;
				CLANG_ENABLE_OBJC_ARC = YES;
				CLANG_ENABLE_OBJC_WEAK = YES;
				CLANG_WARN_BLOCK_CAPTURE_AUTORELEASING = YES;
				CLANG_WARN_BOOL_CONVERSION = YES;
				CLANG_WARN_COMMA = YES;
				CLANG_WARN_CONSTANT_CONVERSION = YES;
				CLANG_WARN_DEPRECATED_OBJC_IMPLEMENTATIONS = YES;
				CLANG_WARN_DIRECT_OBJC_ISA_USAGE = YES_ERROR;
				CLANG_WARN_DOCUMENTATION_COMMENTS = YES;
				CLANG_WARN_EMPTY_BODY = YES;
				CLANG_WARN_ENUM_CONVERSION = YES;
				CLANG_WARN_INFINITE_RECURSION = YES;
				CLANG_WARN_INT_CONVERSION = YES;
				CLANG_WARN_NON_LITERAL_NULL_CONVERSION = YES;
				CLANG_WARN_OBJC_IMPLICIT_RETAIN_SELF = YES;
				CLANG_WARN_OBJC_LITERAL_CONVERSION = YES;
				CLANG_WARN_OBJC_ROOT_CLASS = YES_ERROR;
				CLANG_WARN_RANGE_LOOP_ANALYSIS = YES;
				CLANG_WARN_STRICT_PROTOTYPES = YES;
				CLANG_WARN_SUSPICIOUS_MOVE = YES;
				CLANG_WARN_UNGUARDED_AVAILABILITY = YES_AGGRESSIVE;
				CLANG_WARN_UNREACHABLE_CODE = YES;
				CLANG_WARN__DUPLICATE_METHOD_MATCH = YES;
				CODE_SIGN_IDENTITY = "iPhone Developer";
				COPY_PHASE_STRIP = NO;
				DEBUG_INFORMATION_FORMAT = dwarf;
				ENABLE_STRICT_OBJC_MSGSEND = YES;
				ENABLE_TESTABILITY = YES;
				GCC_C_LANGUAGE_STANDARD = gnu11;
				GCC_DYNAMIC_NO_PIC = NO;
				GCC_NO_COMMON_BLOCKS = YES;
				GCC_OPTIMIZATION_LEVEL = 0;
				GCC_PREPROCESSOR_DEFINITIONS = (
					"DEBUG=1",
					"$(inherited)",
				);
				GCC_WARN_64_TO_32_BIT_CONVERSION = YES;
				GCC_WARN_ABOUT_RETURN_TYPE = YES_ERROR;
				GCC_WARN_UNDECLARED_SELECTOR = YES;
				GCC_WARN_UNINITIALIZED_AUTOS = YES_AGGRESSIVE;
				GCC_WARN_UNUSED_FUNCTION = YES;
				GCC_WARN_UNUSED_VARIABLE = YES;
				IPHONEOS_DEPLOYMENT_TARGET = 12.1;
				MTL_ENABLE_DEBUG_INFO = INCLUDE_SOURCE;
				MTL_FAST_MATH = YES;
				ONLY_ACTIVE_ARCH = YES;
				SDKROOT = iphoneos;
				SWIFT_ACTIVE_COMPILATION_CONDITIONS = DEBUG;
				SWIFT_OPTIMIZATION_LEVEL = "-Onone";
			};
			name = Debug;
		};
		FB784C5522382A6B006A2D5A /* Release */ = {
			isa = XCBuildConfiguration;
			buildSettings = {
				ALWAYS_SEARCH_USER_PATHS = NO;
				CLANG_ANALYZER_NONNULL = YES;
				CLANG_ANALYZER_NUMBER_OBJECT_CONVERSION = YES_AGGRESSIVE;
				CLANG_CXX_LANGUAGE_STANDARD = "gnu++14";
				CLANG_CXX_LIBRARY = "libc++";
				CLANG_ENABLE_MODULES = YES;
				CLANG_ENABLE_OBJC_ARC = YES;
				CLANG_ENABLE_OBJC_WEAK = YES;
				CLANG_WARN_BLOCK_CAPTURE_AUTORELEASING = YES;
				CLANG_WARN_BOOL_CONVERSION = YES;
				CLANG_WARN_COMMA = YES;
				CLANG_WARN_CONSTANT_CONVERSION = YES;
				CLANG_WARN_DEPRECATED_OBJC_IMPLEMENTATIONS = YES;
				CLANG_WARN_DIRECT_OBJC_ISA_USAGE = YES_ERROR;
				CLANG_WARN_DOCUMENTATION_COMMENTS = YES;
				CLANG_WARN_EMPTY_BODY = YES;
				CLANG_WARN_ENUM_CONVERSION = YES;
				CLANG_WARN_INFINITE_RECURSION = YES;
				CLANG_WARN_INT_CONVERSION = YES;
				CLANG_WARN_NON_LITERAL_NULL_CONVERSION = YES;
				CLANG_WARN_OBJC_IMPLICIT_RETAIN_SELF = YES;
				CLANG_WARN_OBJC_LITERAL_CONVERSION = YES;
				CLANG_WARN_OBJC_ROOT_CLASS = YES_ERROR;
				CLANG_WARN_RANGE_LOOP_ANALYSIS = YES;
				CLANG_WARN_STRICT_PROTOTYPES = YES;
				CLANG_WARN_SUSPICIOUS_MOVE = YES;
				CLANG_WARN_UNGUARDED_AVAILABILITY = YES_AGGRESSIVE;
				CLANG_WARN_UNREACHABLE_CODE = YES;
				CLANG_WARN__DUPLICATE_METHOD_MATCH = YES;
				CODE_SIGN_IDENTITY = "iPhone Developer";
				COPY_PHASE_STRIP = NO;
				DEBUG_INFORMATION_FORMAT = "dwarf-with-dsym";
				ENABLE_NS_ASSERTIONS = NO;
				ENABLE_STRICT_OBJC_MSGSEND = YES;
				GCC_C_LANGUAGE_STANDARD = gnu11;
				GCC_NO_COMMON_BLOCKS = YES;
				GCC_WARN_64_TO_32_BIT_CONVERSION = YES;
				GCC_WARN_ABOUT_RETURN_TYPE = YES_ERROR;
				GCC_WARN_UNDECLARED_SELECTOR = YES;
				GCC_WARN_UNINITIALIZED_AUTOS = YES_AGGRESSIVE;
				GCC_WARN_UNUSED_FUNCTION = YES;
				GCC_WARN_UNUSED_VARIABLE = YES;
				IPHONEOS_DEPLOYMENT_TARGET = 12.1;
				MTL_ENABLE_DEBUG_INFO = NO;
				MTL_FAST_MATH = YES;
				SDKROOT = iphoneos;
				SWIFT_COMPILATION_MODE = wholemodule;
				SWIFT_OPTIMIZATION_LEVEL = "-O";
				VALIDATE_PRODUCT = YES;
			};
			name = Release;
		};
		FB784C5722382A6B006A2D5A /* Debug */ = {
			isa = XCBuildConfiguration;
			buildSettings = {
				ASSETCATALOG_COMPILER_APPICON_NAME = AppIcon;
				CODE_SIGN_STYLE = Automatic;
				INFOPLIST_FILE = practica6/Info.plist;
				LD_RUNPATH_SEARCH_PATHS = (
					"$(inherited)",
					"@executable_path/Frameworks",
				);
				PRODUCT_BUNDLE_IDENTIFIER = chauteco.practica6;
				PRODUCT_NAME = "$(TARGET_NAME)";
				SWIFT_VERSION = 4.2;
				TARGETED_DEVICE_FAMILY = "1,2";
			};
			name = Debug;
		};
		FB784C5822382A6B006A2D5A /* Release */ = {
			isa = XCBuildConfiguration;
			buildSettings = {
				ASSETCATALOG_COMPILER_APPICON_NAME = AppIcon;
				CODE_SIGN_STYLE = Automatic;
				INFOPLIST_FILE = practica6/Info.plist;
				LD_RUNPATH_SEARCH_PATHS = (
					"$(inherited)",
					"@executable_path/Frameworks",
				);
				PRODUCT_BUNDLE_IDENTIFIER = chauteco.practica6;
				PRODUCT_NAME = "$(TARGET_NAME)";
				SWIFT_VERSION = 4.2;
				TARGETED_DEVICE_FAMILY = "1,2";
			};
			name = Release;
		};
/* End XCBuildConfiguration section */

/* Begin XCConfigurationList section */
		FB784C3F22382A67006A2D5A /* Build configuration list for PBXProject "practica6" */ = {
			isa = XCConfigurationList;
			buildConfigurations = (
				FB784C5422382A6B006A2D5A /* Debug */,
				FB784C5522382A6B006A2D5A /* Release */,
			);
			defaultConfigurationIsVisible = 0;
			defaultConfigurationName = Release;
		};
		FB784C5622382A6B006A2D5A /* Build configuration list for PBXNativeTarget "practica6" */ = {
			isa = XCConfigurationList;
			buildConfigurations = (
				FB784C5722382A6B006A2D5A /* Debug */,
				FB784C5822382A6B006A2D5A /* Release */,
			);
			defaultConfigurationIsVisible = 0;
			defaultConfigurationName = Release;
		};
/* End XCConfigurationList section */
	};
	rootObject = FB784C3C22382A67006A2D5A /* Project object */;
}
